// !$*UTF8*$!
{
	archiveVersion = 1;
	classes = {
	};
	objectVersion = 50;
	objects = {

/* Begin PBXBuildFile section */
		DD11698F23F054FF00E553CE /* Assets.xcassets in Resources */ = {isa = PBXBuildFile; fileRef = DD11698E23F054FF00E553CE /* Assets.xcassets */; };
		DD19AB0A23F80D960015D899 /* ReplyIsFalse.swift in Sources */ = {isa = PBXBuildFile; fileRef = DD19AB0923F80D960015D899 /* ReplyIsFalse.swift */; };
		DD19AB0C23FABEC60015D899 /* Congratulations.swift in Sources */ = {isa = PBXBuildFile; fileRef = DD19AB0B23FABEC60015D899 /* Congratulations.swift */; };
		DD296802240A816D0021E05F /* Chirurgie.mp3 in Resources */ = {isa = PBXBuildFile; fileRef = DD2967F4240A81680021E05F /* Chirurgie.mp3 */; };
		DD296803240A816D0021E05F /* Gestell.mp3 in Resources */ = {isa = PBXBuildFile; fileRef = DD2967F5240A81680021E05F /* Gestell.mp3 */; };
		DD296805240A816D0021E05F /* Finsternis.mp3 in Resources */ = {isa = PBXBuildFile; fileRef = DD2967F7240A81680021E05F /* Finsternis.mp3 */; };
		DD296806240A816D0021E05F /* Blume.mp3 in Resources */ = {isa = PBXBuildFile; fileRef = DD2967F8240A81690021E05F /* Blume.mp3 */; };
		DD296807240A816D0021E05F /* angespannt.mp3 in Resources */ = {isa = PBXBuildFile; fileRef = DD2967F9240A816A0021E05F /* angespannt.mp3 */; };
		DD296808240A816D0021E05F /* Zebra.mp3 in Resources */ = {isa = PBXBuildFile; fileRef = DD2967FA240A816A0021E05F /* Zebra.mp3 */; };
		DD296809240A816D0021E05F /* Regal.mp3 in Resources */ = {isa = PBXBuildFile; fileRef = DD2967FB240A816B0021E05F /* Regal.mp3 */; };
		DD29680A240A816D0021E05F /* Anker.mp3 in Resources */ = {isa = PBXBuildFile; fileRef = DD2967FC240A816B0021E05F /* Anker.mp3 */; };
		DD29680B240A816D0021E05F /* Fantasie.mp3 in Resources */ = {isa = PBXBuildFile; fileRef = DD2967FD240A816B0021E05F /* Fantasie.mp3 */; };
		DD29680C240A816D0021E05F /* Gesang.mp3 in Resources */ = {isa = PBXBuildFile; fileRef = DD2967FE240A816C0021E05F /* Gesang.mp3 */; };
		DD29680D240A816D0021E05F /* kaputt.mp3 in Resources */ = {isa = PBXBuildFile; fileRef = DD2967FF240A816C0021E05F /* kaputt.mp3 */; };
		DD29680E240A816D0021E05F /* Messer.mp3 in Resources */ = {isa = PBXBuildFile; fileRef = DD296800240A816C0021E05F /* Messer.mp3 */; };
		DD296811240A8BA70021E05F /* Stundenplan.mp3 in Resources */ = {isa = PBXBuildFile; fileRef = DD296810240A8BA70021E05F /* Stundenplan.mp3 */; };
		DD296813240A8E360021E05F /* Emotion.mp3 in Resources */ = {isa = PBXBuildFile; fileRef = DD296812240A8E360021E05F /* Emotion.mp3 */; };
		DD296817240AA42E0021E05F /* UndEsWalletUndSiedet.wav in Resources */ = {isa = PBXBuildFile; fileRef = DD296816240AA42E0021E05F /* UndEsWalletUndSiedet.wav */; };
		DD296819240AA4D10021E05F /* OeffneDichErdeMit.wav in Resources */ = {isa = PBXBuildFile; fileRef = DD296818240AA4D10021E05F /* OeffneDichErdeMit.wav */; };
		DD29681B240AA4DC0021E05F /* AmHimmelHellUndKlar.wav in Resources */ = {isa = PBXBuildFile; fileRef = DD29681A240AA4DC0021E05F /* AmHimmelHellUndKlar.wav */; };
		DD29681D240AA4E40021E05F /* FreudeSchoenerGoetterfunken.wav in Resources */ = {isa = PBXBuildFile; fileRef = DD29681C240AA4E40021E05F /* FreudeSchoenerGoetterfunken.wav */; };
		DD296822240AAC980021E05F /* EhretDieFrauenSie.wav in Resources */ = {isa = PBXBuildFile; fileRef = DD29681E240AAC970021E05F /* EhretDieFrauenSie.wav */; };
		DD296823240AAC980021E05F /* AmHellenStrand.wav in Resources */ = {isa = PBXBuildFile; fileRef = DD29681F240AAC970021E05F /* AmHellenStrand.wav */; };
		DD296824240AAC980021E05F /* HeuteHierMorgenDort.wav in Resources */ = {isa = PBXBuildFile; fileRef = DD296820240AAC970021E05F /* HeuteHierMorgenDort.wav */; };
		DD296825240AAC980021E05F /* AlleMeineEntchen.wav in Resources */ = {isa = PBXBuildFile; fileRef = DD296821240AAC980021E05F /* AlleMeineEntchen.wav */; };
		DD296827240ADBA20021E05F /* Book.swift in Sources */ = {isa = PBXBuildFile; fileRef = DD296826240ADBA20021E05F /* Book.swift */; };
		DD4363F823F18645001F2A48 /* Word.swift in Sources */ = {isa = PBXBuildFile; fileRef = DD4363F723F18645001F2A48 /* Word.swift */; };
		DD4363FA23F18676001F2A48 /* Syllable.swift in Sources */ = {isa = PBXBuildFile; fileRef = DD4363F923F18676001F2A48 /* Syllable.swift */; };
		DD4363FC23F18692001F2A48 /* Accentuation.swift in Sources */ = {isa = PBXBuildFile; fileRef = DD4363FB23F18692001F2A48 /* Accentuation.swift */; };
		DD4363FE23F186F2001F2A48 /* Measure.swift in Sources */ = {isa = PBXBuildFile; fileRef = DD4363FD23F186F2001F2A48 /* Measure.swift */; };
		DD43640023F18D87001F2A48 /* Line.swift in Sources */ = {isa = PBXBuildFile; fileRef = DD4363FF23F18D87001F2A48 /* Line.swift */; };
		DD507EC123F551AC00D790E1 /* ReplyIsCorrect.swift in Sources */ = {isa = PBXBuildFile; fileRef = DD507EC023F551AC00D790E1 /* ReplyIsCorrect.swift */; };
		DD5677872407EC38007B6025 /* LoadingBar.swift in Sources */ = {isa = PBXBuildFile; fileRef = DD5677862407EC38007B6025 /* LoadingBar.swift */; };
		DD56778A240873A6007B6025 /* ExitLabel.swift in Sources */ = {isa = PBXBuildFile; fileRef = DD567789240873A6007B6025 /* ExitLabel.swift */; };
		DD56778C24087642007B6025 /* TaskLabel.swift in Sources */ = {isa = PBXBuildFile; fileRef = DD56778B24087642007B6025 /* TaskLabel.swift */; };
		DD56778E240879BD007B6025 /* CheckButton.swift in Sources */ = {isa = PBXBuildFile; fileRef = DD56778D240879BD007B6025 /* CheckButton.swift */; };
		DD56779024088B73007B6025 /* InfoButton.swift in Sources */ = {isa = PBXBuildFile; fileRef = DD56778F24088B73007B6025 /* InfoButton.swift */; };
		DD56779224088B83007B6025 /* SoundButton.swift in Sources */ = {isa = PBXBuildFile; fileRef = DD56779124088B83007B6025 /* SoundButton.swift */; };
		DD56779524093F86007B6025 /* SKLabelNodeExtension.swift in Sources */ = {isa = PBXBuildFile; fileRef = DD56779424093F86007B6025 /* SKLabelNodeExtension.swift */; };
		DD56779724093FC6007B6025 /* SKSceneExtension.swift in Sources */ = {isa = PBXBuildFile; fileRef = DD56779624093FC6007B6025 /* SKSceneExtension.swift */; };
		DD56779924094002007B6025 /* SKSpriteNodeExtension.swift in Sources */ = {isa = PBXBuildFile; fileRef = DD56779824094002007B6025 /* SKSpriteNodeExtension.swift */; };
		DD56779B24094AA4007B6025 /* MeasureContainer.swift in Sources */ = {isa = PBXBuildFile; fileRef = DD56779A24094AA4007B6025 /* MeasureContainer.swift */; };
		DD5749C723EC405200C50423 /* AppDelegate.swift in Sources */ = {isa = PBXBuildFile; fileRef = DD5749C623EC405200C50423 /* AppDelegate.swift */; };
		DD5749CF23EC405200C50423 /* GameViewController.swift in Sources */ = {isa = PBXBuildFile; fileRef = DD5749CE23EC405200C50423 /* GameViewController.swift */; };
		DD5749D223EC405200C50423 /* Main.storyboard in Resources */ = {isa = PBXBuildFile; fileRef = DD5749D023EC405200C50423 /* Main.storyboard */; };
		DD5749D723EC405300C50423 /* LaunchScreen.storyboard in Resources */ = {isa = PBXBuildFile; fileRef = DD5749D523EC405300C50423 /* LaunchScreen.storyboard */; };
		DD5749E223EC405300C50423 /* MetrumTests.swift in Sources */ = {isa = PBXBuildFile; fileRef = DD5749E123EC405300C50423 /* MetrumTests.swift */; };
		DD5749ED23EC405400C50423 /* MetrumUITests.swift in Sources */ = {isa = PBXBuildFile; fileRef = DD5749EC23EC405400C50423 /* MetrumUITests.swift */; };
		DD5749FC23EC408800C50423 /* .gitignore in Resources */ = {isa = PBXBuildFile; fileRef = DD5749FB23EC408800C50423 /* .gitignore */; };
		DD86857F24072F8A000C44CE /* Direktion.mp3 in Resources */ = {isa = PBXBuildFile; fileRef = DD86857E24072F89000C44CE /* Direktion.mp3 */; };
		DD95065523FD8B2500BF1291 /* lines.json in Resources */ = {isa = PBXBuildFile; fileRef = DD95065323FD8B2400BF1291 /* lines.json */; };
		DD95065623FD8B2500BF1291 /* words.json in Resources */ = {isa = PBXBuildFile; fileRef = DD95065423FD8B2400BF1291 /* words.json */; };
		DD969FF523FC52BE00C22624 /* Warning.swift in Sources */ = {isa = PBXBuildFile; fileRef = DD969FF423FC52BE00C22624 /* Warning.swift */; };
		DD9C91EE2401482C00C753C3 /* LevelExplanation.swift in Sources */ = {isa = PBXBuildFile; fileRef = DD9C91ED2401482C00C753C3 /* LevelExplanation.swift */; };
		DDA5BD282405D6850060E766 /* Torben.mp3 in Resources */ = {isa = PBXBuildFile; fileRef = DDA5BD272405D6850060E766 /* Torben.mp3 */; };
		DDBF72AE24002AE3001587B6 /* Salutation.swift in Sources */ = {isa = PBXBuildFile; fileRef = DDBF72AD24002AE3001587B6 /* Salutation.swift */; };
		DDC4906723EC47EC000F0942 /* MainMenuScene.swift in Sources */ = {isa = PBXBuildFile; fileRef = DDC4906623EC47EC000F0942 /* MainMenuScene.swift */; };
		DDC4906923EC4F0B000F0942 /* LevelOneToFourScene.swift in Sources */ = {isa = PBXBuildFile; fileRef = DDC4906823EC4F0B000F0942 /* LevelOneToFourScene.swift */; };
		DDC4906D23EC507A000F0942 /* MainMenuScene.sks in Resources */ = {isa = PBXBuildFile; fileRef = DDC4906C23EC507A000F0942 /* MainMenuScene.sks */; };
		DDC4907123EC5736000F0942 /* LevelOneToFourScene.sks in Resources */ = {isa = PBXBuildFile; fileRef = DDC4907023EC5736000F0942 /* LevelOneToFourScene.sks */; };
		DDC4907323ED7641000F0942 /* AccentuationInfo.swift in Sources */ = {isa = PBXBuildFile; fileRef = DDC4907223ED7641000F0942 /* AccentuationInfo.swift */; };
		DDC75EF323FDE37600B551BB /* LevelFiveToSixScene.swift in Sources */ = {isa = PBXBuildFile; fileRef = DDC75EF223FDE37600B551BB /* LevelFiveToSixScene.swift */; };
		DDC75EF523FDE39D00B551BB /* LevelFiveToSixScene.sks in Resources */ = {isa = PBXBuildFile; fileRef = DDC75EF423FDE39D00B551BB /* LevelFiveToSixScene.sks */; };
		DDC75EF723FDE42000B551BB /* MeasureInfo.swift in Sources */ = {isa = PBXBuildFile; fileRef = DDC75EF623FDE42000B551BB /* MeasureInfo.swift */; };
		DDC75EF923FE043200B551BB /* LevelSevenToTenScene.swift in Sources */ = {isa = PBXBuildFile; fileRef = DDC75EF823FE043200B551BB /* LevelSevenToTenScene.swift */; };
		DDC75EFB23FE04E900B551BB /* LevelSevenToTenScene.sks in Resources */ = {isa = PBXBuildFile; fileRef = DDC75EFA23FE04E900B551BB /* LevelSevenToTenScene.sks */; };
		DDE2FBE423FD780E00118ADC /* Flasche.mp3 in Resources */ = {isa = PBXBuildFile; fileRef = DDE2FBE323FD780E00118ADC /* Flasche.mp3 */; };
		DDE2FBE823FD78C000118ADC /* Lampe.mp3 in Resources */ = {isa = PBXBuildFile; fileRef = DDE2FBE723FD78C000118ADC /* Lampe.mp3 */; };
		DDE2FBEA23FD78F000118ADC /* Sonne.mp3 in Resources */ = {isa = PBXBuildFile; fileRef = DDE2FBE923FD78F000118ADC /* Sonne.mp3 */; };
		DDE2FBEC23FD794D00118ADC /* Verstand.mp3 in Resources */ = {isa = PBXBuildFile; fileRef = DDE2FBEB23FD794D00118ADC /* Verstand.mp3 */; };
		DDE2FBEE23FD798B00118ADC /* genau.mp3 in Resources */ = {isa = PBXBuildFile; fileRef = DDE2FBED23FD798B00118ADC /* genau.mp3 */; };
		DDE2FBF023FD79C200118ADC /* Ersatz.mp3 in Resources */ = {isa = PBXBuildFile; fileRef = DDE2FBEF23FD79C200118ADC /* Ersatz.mp3 */; };
		DDE2FBF223FD7A1300118ADC /* Harmonie.mp3 in Resources */ = {isa = PBXBuildFile; fileRef = DDE2FBF123FD7A1200118ADC /* Harmonie.mp3 */; };
		DDE2FBF423FD7A4700118ADC /* Sinfonie.mp3 in Resources */ = {isa = PBXBuildFile; fileRef = DDE2FBF323FD7A4700118ADC /* Sinfonie.mp3 */; };
		DDE2FBF823FD7AA400118ADC /* Eitelkeit.mp3 in Resources */ = {isa = PBXBuildFile; fileRef = DDE2FBF723FD7AA300118ADC /* Eitelkeit.mp3 */; };
		DDE2FBFA23FD7AD600118ADC /* Achterbahn.mp3 in Resources */ = {isa = PBXBuildFile; fileRef = DDE2FBF923FD7AD600118ADC /* Achterbahn.mp3 */; };
		DDE2FBFC23FD7B1200118ADC /* Autobahn.mp3 in Resources */ = {isa = PBXBuildFile; fileRef = DDE2FBFB23FD7B1200118ADC /* Autobahn.mp3 */; };
/* End PBXBuildFile section */

/* Begin PBXContainerItemProxy section */
		DD5749DE23EC405300C50423 /* PBXContainerItemProxy */ = {
			isa = PBXContainerItemProxy;
			containerPortal = DD5749BB23EC405200C50423 /* Project object */;
			proxyType = 1;
			remoteGlobalIDString = DD5749C223EC405200C50423;
			remoteInfo = Metrum;
		};
		DD5749E923EC405400C50423 /* PBXContainerItemProxy */ = {
			isa = PBXContainerItemProxy;
			containerPortal = DD5749BB23EC405200C50423 /* Project object */;
			proxyType = 1;
			remoteGlobalIDString = DD5749C223EC405200C50423;
			remoteInfo = Metrum;
		};
/* End PBXContainerItemProxy section */

/* Begin PBXFileReference section */
		DD11698E23F054FF00E553CE /* Assets.xcassets */ = {isa = PBXFileReference; lastKnownFileType = folder.assetcatalog; path = Assets.xcassets; sourceTree = "<group>"; };
		DD19AB0923F80D960015D899 /* ReplyIsFalse.swift */ = {isa = PBXFileReference; lastKnownFileType = sourcecode.swift; path = ReplyIsFalse.swift; sourceTree = "<group>"; };
		DD19AB0B23FABEC60015D899 /* Congratulations.swift */ = {isa = PBXFileReference; lastKnownFileType = sourcecode.swift; path = Congratulations.swift; sourceTree = "<group>"; };
		DD2967F4240A81680021E05F /* Chirurgie.mp3 */ = {isa = PBXFileReference; lastKnownFileType = audio.mp3; path = Chirurgie.mp3; sourceTree = "<group>"; };
		DD2967F5240A81680021E05F /* Gestell.mp3 */ = {isa = PBXFileReference; lastKnownFileType = audio.mp3; path = Gestell.mp3; sourceTree = "<group>"; };
		DD2967F7240A81680021E05F /* Finsternis.mp3 */ = {isa = PBXFileReference; lastKnownFileType = audio.mp3; path = Finsternis.mp3; sourceTree = "<group>"; };
		DD2967F8240A81690021E05F /* Blume.mp3 */ = {isa = PBXFileReference; lastKnownFileType = audio.mp3; path = Blume.mp3; sourceTree = "<group>"; };
		DD2967F9240A816A0021E05F /* angespannt.mp3 */ = {isa = PBXFileReference; lastKnownFileType = audio.mp3; path = angespannt.mp3; sourceTree = "<group>"; };
		DD2967FA240A816A0021E05F /* Zebra.mp3 */ = {isa = PBXFileReference; lastKnownFileType = audio.mp3; path = Zebra.mp3; sourceTree = "<group>"; };
		DD2967FB240A816B0021E05F /* Regal.mp3 */ = {isa = PBXFileReference; lastKnownFileType = audio.mp3; path = Regal.mp3; sourceTree = "<group>"; };
		DD2967FC240A816B0021E05F /* Anker.mp3 */ = {isa = PBXFileReference; lastKnownFileType = audio.mp3; path = Anker.mp3; sourceTree = "<group>"; };
		DD2967FD240A816B0021E05F /* Fantasie.mp3 */ = {isa = PBXFileReference; lastKnownFileType = audio.mp3; path = Fantasie.mp3; sourceTree = "<group>"; };
		DD2967FE240A816C0021E05F /* Gesang.mp3 */ = {isa = PBXFileReference; lastKnownFileType = audio.mp3; path = Gesang.mp3; sourceTree = "<group>"; };
		DD2967FF240A816C0021E05F /* kaputt.mp3 */ = {isa = PBXFileReference; lastKnownFileType = audio.mp3; path = kaputt.mp3; sourceTree = "<group>"; };
		DD296800240A816C0021E05F /* Messer.mp3 */ = {isa = PBXFileReference; lastKnownFileType = audio.mp3; path = Messer.mp3; sourceTree = "<group>"; };
		DD296810240A8BA70021E05F /* Stundenplan.mp3 */ = {isa = PBXFileReference; lastKnownFileType = audio.mp3; path = Stundenplan.mp3; sourceTree = "<group>"; };
		DD296812240A8E360021E05F /* Emotion.mp3 */ = {isa = PBXFileReference; lastKnownFileType = audio.mp3; path = Emotion.mp3; sourceTree = "<group>"; };
		DD296816240AA42E0021E05F /* UndEsWalletUndSiedet.wav */ = {isa = PBXFileReference; lastKnownFileType = audio.wav; path = UndEsWalletUndSiedet.wav; sourceTree = "<group>"; };
		DD296818240AA4D10021E05F /* OeffneDichErdeMit.wav */ = {isa = PBXFileReference; lastKnownFileType = audio.wav; path = OeffneDichErdeMit.wav; sourceTree = "<group>"; };
		DD29681A240AA4DC0021E05F /* AmHimmelHellUndKlar.wav */ = {isa = PBXFileReference; lastKnownFileType = audio.wav; path = AmHimmelHellUndKlar.wav; sourceTree = "<group>"; };
		DD29681C240AA4E40021E05F /* FreudeSchoenerGoetterfunken.wav */ = {isa = PBXFileReference; lastKnownFileType = audio.wav; path = FreudeSchoenerGoetterfunken.wav; sourceTree = "<group>"; };
		DD29681E240AAC970021E05F /* EhretDieFrauenSie.wav */ = {isa = PBXFileReference; lastKnownFileType = audio.wav; path = EhretDieFrauenSie.wav; sourceTree = "<group>"; };
		DD29681F240AAC970021E05F /* AmHellenStrand.wav */ = {isa = PBXFileReference; lastKnownFileType = audio.wav; path = AmHellenStrand.wav; sourceTree = "<group>"; };
		DD296820240AAC970021E05F /* HeuteHierMorgenDort.wav */ = {isa = PBXFileReference; lastKnownFileType = audio.wav; path = HeuteHierMorgenDort.wav; sourceTree = "<group>"; };
		DD296821240AAC980021E05F /* AlleMeineEntchen.wav */ = {isa = PBXFileReference; lastKnownFileType = audio.wav; path = AlleMeineEntchen.wav; sourceTree = "<group>"; };
		DD296826240ADBA20021E05F /* Book.swift */ = {isa = PBXFileReference; lastKnownFileType = sourcecode.swift; path = Book.swift; sourceTree = "<group>"; };
		DD29682C240ADD060021E05F /* books.json */ = {isa = PBXFileReference; lastKnownFileType = text.json; path = books.json; sourceTree = "<group>"; };
		DD4363F723F18645001F2A48 /* Word.swift */ = {isa = PBXFileReference; lastKnownFileType = sourcecode.swift; path = Word.swift; sourceTree = "<group>"; };
		DD4363F923F18676001F2A48 /* Syllable.swift */ = {isa = PBXFileReference; lastKnownFileType = sourcecode.swift; path = Syllable.swift; sourceTree = "<group>"; };
		DD4363FB23F18692001F2A48 /* Accentuation.swift */ = {isa = PBXFileReference; lastKnownFileType = sourcecode.swift; path = Accentuation.swift; sourceTree = "<group>"; };
		DD4363FD23F186F2001F2A48 /* Measure.swift */ = {isa = PBXFileReference; lastKnownFileType = sourcecode.swift; path = Measure.swift; sourceTree = "<group>"; };
		DD4363FF23F18D87001F2A48 /* Line.swift */ = {isa = PBXFileReference; lastKnownFileType = sourcecode.swift; path = Line.swift; sourceTree = "<group>"; };
		DD507EC023F551AC00D790E1 /* ReplyIsCorrect.swift */ = {isa = PBXFileReference; lastKnownFileType = sourcecode.swift; path = ReplyIsCorrect.swift; sourceTree = "<group>"; };
		DD5677862407EC38007B6025 /* LoadingBar.swift */ = {isa = PBXFileReference; lastKnownFileType = sourcecode.swift; path = LoadingBar.swift; sourceTree = "<group>"; };
		DD567789240873A6007B6025 /* ExitLabel.swift */ = {isa = PBXFileReference; lastKnownFileType = sourcecode.swift; path = ExitLabel.swift; sourceTree = "<group>"; };
		DD56778B24087642007B6025 /* TaskLabel.swift */ = {isa = PBXFileReference; lastKnownFileType = sourcecode.swift; path = TaskLabel.swift; sourceTree = "<group>"; };
		DD56778D240879BD007B6025 /* CheckButton.swift */ = {isa = PBXFileReference; lastKnownFileType = sourcecode.swift; path = CheckButton.swift; sourceTree = "<group>"; };
		DD56778F24088B73007B6025 /* InfoButton.swift */ = {isa = PBXFileReference; lastKnownFileType = sourcecode.swift; path = InfoButton.swift; sourceTree = "<group>"; };
		DD56779124088B83007B6025 /* SoundButton.swift */ = {isa = PBXFileReference; lastKnownFileType = sourcecode.swift; path = SoundButton.swift; sourceTree = "<group>"; };
		DD56779424093F86007B6025 /* SKLabelNodeExtension.swift */ = {isa = PBXFileReference; lastKnownFileType = sourcecode.swift; path = SKLabelNodeExtension.swift; sourceTree = "<group>"; };
		DD56779624093FC6007B6025 /* SKSceneExtension.swift */ = {isa = PBXFileReference; lastKnownFileType = sourcecode.swift; path = SKSceneExtension.swift; sourceTree = "<group>"; };
		DD56779824094002007B6025 /* SKSpriteNodeExtension.swift */ = {isa = PBXFileReference; lastKnownFileType = sourcecode.swift; path = SKSpriteNodeExtension.swift; sourceTree = "<group>"; };
		DD56779A24094AA4007B6025 /* MeasureContainer.swift */ = {isa = PBXFileReference; lastKnownFileType = sourcecode.swift; path = MeasureContainer.swift; sourceTree = "<group>"; };
		DD5749C323EC405200C50423 /* Metrum.app */ = {isa = PBXFileReference; explicitFileType = wrapper.application; includeInIndex = 0; path = Metrum.app; sourceTree = BUILT_PRODUCTS_DIR; };
		DD5749C623EC405200C50423 /* AppDelegate.swift */ = {isa = PBXFileReference; lastKnownFileType = sourcecode.swift; path = AppDelegate.swift; sourceTree = "<group>"; };
		DD5749CE23EC405200C50423 /* GameViewController.swift */ = {isa = PBXFileReference; lastKnownFileType = sourcecode.swift; path = GameViewController.swift; sourceTree = "<group>"; };
		DD5749D123EC405200C50423 /* Base */ = {isa = PBXFileReference; lastKnownFileType = file.storyboard; name = Base; path = Base.lproj/Main.storyboard; sourceTree = "<group>"; };
		DD5749D623EC405300C50423 /* Base */ = {isa = PBXFileReference; lastKnownFileType = file.storyboard; name = Base; path = Base.lproj/LaunchScreen.storyboard; sourceTree = "<group>"; };
		DD5749D823EC405300C50423 /* Info.plist */ = {isa = PBXFileReference; lastKnownFileType = text.plist.xml; path = Info.plist; sourceTree = "<group>"; };
		DD5749DD23EC405300C50423 /* MetrumTests.xctest */ = {isa = PBXFileReference; explicitFileType = wrapper.cfbundle; includeInIndex = 0; path = MetrumTests.xctest; sourceTree = BUILT_PRODUCTS_DIR; };
		DD5749E123EC405300C50423 /* MetrumTests.swift */ = {isa = PBXFileReference; lastKnownFileType = sourcecode.swift; path = MetrumTests.swift; sourceTree = "<group>"; };
		DD5749E323EC405300C50423 /* Info.plist */ = {isa = PBXFileReference; lastKnownFileType = text.plist.xml; path = Info.plist; sourceTree = "<group>"; };
		DD5749E823EC405400C50423 /* MetrumUITests.xctest */ = {isa = PBXFileReference; explicitFileType = wrapper.cfbundle; includeInIndex = 0; path = MetrumUITests.xctest; sourceTree = BUILT_PRODUCTS_DIR; };
		DD5749EC23EC405400C50423 /* MetrumUITests.swift */ = {isa = PBXFileReference; lastKnownFileType = sourcecode.swift; path = MetrumUITests.swift; sourceTree = "<group>"; };
		DD5749EE23EC405400C50423 /* Info.plist */ = {isa = PBXFileReference; lastKnownFileType = text.plist.xml; path = Info.plist; sourceTree = "<group>"; };
		DD5749FB23EC408800C50423 /* .gitignore */ = {isa = PBXFileReference; lastKnownFileType = text; path = .gitignore; sourceTree = "<group>"; };
		DD86857E24072F89000C44CE /* Direktion.mp3 */ = {isa = PBXFileReference; lastKnownFileType = audio.mp3; path = Direktion.mp3; sourceTree = "<group>"; };
		DD95065323FD8B2400BF1291 /* lines.json */ = {isa = PBXFileReference; fileEncoding = 4; lastKnownFileType = text.json; path = lines.json; sourceTree = "<group>"; };
		DD95065423FD8B2400BF1291 /* words.json */ = {isa = PBXFileReference; fileEncoding = 4; lastKnownFileType = text.json; path = words.json; sourceTree = "<group>"; };
		DD969FF423FC52BE00C22624 /* Warning.swift */ = {isa = PBXFileReference; lastKnownFileType = sourcecode.swift; path = Warning.swift; sourceTree = "<group>"; };
		DD9C91ED2401482C00C753C3 /* LevelExplanation.swift */ = {isa = PBXFileReference; lastKnownFileType = sourcecode.swift; path = LevelExplanation.swift; sourceTree = "<group>"; };
		DDA5BD272405D6850060E766 /* Torben.mp3 */ = {isa = PBXFileReference; lastKnownFileType = audio.mp3; path = Torben.mp3; sourceTree = "<group>"; };
		DDBF72AD24002AE3001587B6 /* Salutation.swift */ = {isa = PBXFileReference; lastKnownFileType = sourcecode.swift; path = Salutation.swift; sourceTree = "<group>"; };
		DDC4906623EC47EC000F0942 /* MainMenuScene.swift */ = {isa = PBXFileReference; lastKnownFileType = sourcecode.swift; path = MainMenuScene.swift; sourceTree = "<group>"; };
		DDC4906823EC4F0B000F0942 /* LevelOneToFourScene.swift */ = {isa = PBXFileReference; lastKnownFileType = sourcecode.swift; path = LevelOneToFourScene.swift; sourceTree = "<group>"; };
		DDC4906C23EC507A000F0942 /* MainMenuScene.sks */ = {isa = PBXFileReference; lastKnownFileType = file.sks; path = MainMenuScene.sks; sourceTree = "<group>"; };
		DDC4907023EC5736000F0942 /* LevelOneToFourScene.sks */ = {isa = PBXFileReference; lastKnownFileType = file.sks; path = LevelOneToFourScene.sks; sourceTree = "<group>"; };
		DDC4907223ED7641000F0942 /* AccentuationInfo.swift */ = {isa = PBXFileReference; lastKnownFileType = sourcecode.swift; path = AccentuationInfo.swift; sourceTree = "<group>"; };
		DDC75EF223FDE37600B551BB /* LevelFiveToSixScene.swift */ = {isa = PBXFileReference; lastKnownFileType = sourcecode.swift; path = LevelFiveToSixScene.swift; sourceTree = "<group>"; };
		DDC75EF423FDE39D00B551BB /* LevelFiveToSixScene.sks */ = {isa = PBXFileReference; lastKnownFileType = file.sks; path = LevelFiveToSixScene.sks; sourceTree = "<group>"; };
		DDC75EF623FDE42000B551BB /* MeasureInfo.swift */ = {isa = PBXFileReference; lastKnownFileType = sourcecode.swift; path = MeasureInfo.swift; sourceTree = "<group>"; };
		DDC75EF823FE043200B551BB /* LevelSevenToTenScene.swift */ = {isa = PBXFileReference; lastKnownFileType = sourcecode.swift; path = LevelSevenToTenScene.swift; sourceTree = "<group>"; };
		DDC75EFA23FE04E900B551BB /* LevelSevenToTenScene.sks */ = {isa = PBXFileReference; lastKnownFileType = file.sks; path = LevelSevenToTenScene.sks; sourceTree = "<group>"; };
		DDE2FBE323FD780E00118ADC /* Flasche.mp3 */ = {isa = PBXFileReference; lastKnownFileType = audio.mp3; path = Flasche.mp3; sourceTree = "<group>"; };
		DDE2FBE723FD78C000118ADC /* Lampe.mp3 */ = {isa = PBXFileReference; lastKnownFileType = audio.mp3; path = Lampe.mp3; sourceTree = "<group>"; };
		DDE2FBE923FD78F000118ADC /* Sonne.mp3 */ = {isa = PBXFileReference; lastKnownFileType = audio.mp3; name = Sonne.mp3; path = ../../../../Downloads/Sounds/Sonne.mp3; sourceTree = "<group>"; };
		DDE2FBEB23FD794D00118ADC /* Verstand.mp3 */ = {isa = PBXFileReference; lastKnownFileType = audio.mp3; path = Verstand.mp3; sourceTree = "<group>"; };
		DDE2FBED23FD798B00118ADC /* genau.mp3 */ = {isa = PBXFileReference; lastKnownFileType = audio.mp3; path = genau.mp3; sourceTree = "<group>"; };
		DDE2FBEF23FD79C200118ADC /* Ersatz.mp3 */ = {isa = PBXFileReference; lastKnownFileType = audio.mp3; path = Ersatz.mp3; sourceTree = "<group>"; };
		DDE2FBF123FD7A1200118ADC /* Harmonie.mp3 */ = {isa = PBXFileReference; lastKnownFileType = audio.mp3; name = Harmonie.mp3; path = ../../../../Downloads/Sounds/Harmonie.mp3; sourceTree = "<group>"; };
		DDE2FBF323FD7A4700118ADC /* Sinfonie.mp3 */ = {isa = PBXFileReference; lastKnownFileType = audio.mp3; path = Sinfonie.mp3; sourceTree = "<group>"; };
		DDE2FBF723FD7AA300118ADC /* Eitelkeit.mp3 */ = {isa = PBXFileReference; lastKnownFileType = audio.mp3; name = Eitelkeit.mp3; path = ../../../../Downloads/Sounds/Eitelkeit.mp3; sourceTree = "<group>"; };
		DDE2FBF923FD7AD600118ADC /* Achterbahn.mp3 */ = {isa = PBXFileReference; lastKnownFileType = audio.mp3; path = Achterbahn.mp3; sourceTree = "<group>"; };
		DDE2FBFB23FD7B1200118ADC /* Autobahn.mp3 */ = {isa = PBXFileReference; lastKnownFileType = audio.mp3; path = Autobahn.mp3; sourceTree = "<group>"; };
/* End PBXFileReference section */

/* Begin PBXFrameworksBuildPhase section */
		DD5749C023EC405200C50423 /* Frameworks */ = {
			isa = PBXFrameworksBuildPhase;
			buildActionMask = 2147483647;
			files = (
			);
			runOnlyForDeploymentPostprocessing = 0;
		};
		DD5749DA23EC405300C50423 /* Frameworks */ = {
			isa = PBXFrameworksBuildPhase;
			buildActionMask = 2147483647;
			files = (
			);
			runOnlyForDeploymentPostprocessing = 0;
		};
		DD5749E523EC405400C50423 /* Frameworks */ = {
			isa = PBXFrameworksBuildPhase;
			buildActionMask = 2147483647;
			files = (
			);
			runOnlyForDeploymentPostprocessing = 0;
		};
/* End PBXFrameworksBuildPhase section */

/* Begin PBXGroup section */
		DD3E90CC23F03C9B00E72372 /* Sounds */ = {
			isa = PBXGroup;
			children = (
				DDA5BD272405D6850060E766 /* Torben.mp3 */,
				DDE2FBE923FD78F000118ADC /* Sonne.mp3 */,
				DDE2FBE323FD780E00118ADC /* Flasche.mp3 */,
				DDE2FBE723FD78C000118ADC /* Lampe.mp3 */,
				DDE2FBEB23FD794D00118ADC /* Verstand.mp3 */,
				DDE2FBED23FD798B00118ADC /* genau.mp3 */,
				DD2967F9240A816A0021E05F /* angespannt.mp3 */,
				DD2967FC240A816B0021E05F /* Anker.mp3 */,
				DD2967F8240A81690021E05F /* Blume.mp3 */,
				DD2967F4240A81680021E05F /* Chirurgie.mp3 */,
				DD2967FD240A816B0021E05F /* Fantasie.mp3 */,
				DD2967F7240A81680021E05F /* Finsternis.mp3 */,
				DD2967FE240A816C0021E05F /* Gesang.mp3 */,
				DD2967F5240A81680021E05F /* Gestell.mp3 */,
				DD2967FF240A816C0021E05F /* kaputt.mp3 */,
				DD296800240A816C0021E05F /* Messer.mp3 */,
				DD2967FB240A816B0021E05F /* Regal.mp3 */,
				DD2967FA240A816A0021E05F /* Zebra.mp3 */,
				DDE2FBEF23FD79C200118ADC /* Ersatz.mp3 */,
				DDE2FBF123FD7A1200118ADC /* Harmonie.mp3 */,
				DDE2FBF323FD7A4700118ADC /* Sinfonie.mp3 */,
				DD296810240A8BA70021E05F /* Stundenplan.mp3 */,
				DD86857E24072F89000C44CE /* Direktion.mp3 */,
				DDE2FBF723FD7AA300118ADC /* Eitelkeit.mp3 */,
				DD296812240A8E360021E05F /* Emotion.mp3 */,
				DDE2FBF923FD7AD600118ADC /* Achterbahn.mp3 */,
				DDE2FBFB23FD7B1200118ADC /* Autobahn.mp3 */,
				DD296816240AA42E0021E05F /* UndEsWalletUndSiedet.wav */,
				DD29681C240AA4E40021E05F /* FreudeSchoenerGoetterfunken.wav */,
				DD296818240AA4D10021E05F /* OeffneDichErdeMit.wav */,
				DD29681A240AA4DC0021E05F /* AmHimmelHellUndKlar.wav */,
				DD296821240AAC980021E05F /* AlleMeineEntchen.wav */,
				DD29681F240AAC970021E05F /* AmHellenStrand.wav */,
				DD29681E240AAC970021E05F /* EhretDieFrauenSie.wav */,
				DD296820240AAC970021E05F /* HeuteHierMorgenDort.wav */,
			);
			path = Sounds;
			sourceTree = "<group>";
		};
		DD4363F623F18629001F2A48 /* Model */ = {
			isa = PBXGroup;
			children = (
				DD4363FF23F18D87001F2A48 /* Line.swift */,
				DD4363FD23F186F2001F2A48 /* Measure.swift */,
				DD4363F723F18645001F2A48 /* Word.swift */,
				DD4363F923F18676001F2A48 /* Syllable.swift */,
				DD4363FB23F18692001F2A48 /* Accentuation.swift */,
				DD296826240ADBA20021E05F /* Book.swift */,
			);
			path = Model;
			sourceTree = "<group>";
		};
		DD56778824087061007B6025 /* SceneElements */ = {
			isa = PBXGroup;
			children = (
				DD567789240873A6007B6025 /* ExitLabel.swift */,
				DD5677862407EC38007B6025 /* LoadingBar.swift */,
				DD56778B24087642007B6025 /* TaskLabel.swift */,
				DD56778D240879BD007B6025 /* CheckButton.swift */,
				DD56778F24088B73007B6025 /* InfoButton.swift */,
				DD56779124088B83007B6025 /* SoundButton.swift */,
				DD56779A24094AA4007B6025 /* MeasureContainer.swift */,
			);
			path = SceneElements;
			sourceTree = "<group>";
		};
		DD56779324093F72007B6025 /* Extensions */ = {
			isa = PBXGroup;
			children = (
				DD56779624093FC6007B6025 /* SKSceneExtension.swift */,
				DD56779424093F86007B6025 /* SKLabelNodeExtension.swift */,
				DD56779824094002007B6025 /* SKSpriteNodeExtension.swift */,
			);
			path = Extensions;
			sourceTree = "<group>";
		};
		DD5749BA23EC405200C50423 = {
			isa = PBXGroup;
			children = (
				DD5749FA23EC407500C50423 /* Git */,
				DD5749C523EC405200C50423 /* Metrum */,
				DD5749E023EC405300C50423 /* MetrumTests */,
				DD5749EB23EC405400C50423 /* MetrumUITests */,
				DD5749C423EC405200C50423 /* Products */,
			);
			sourceTree = "<group>";
		};
		DD5749C423EC405200C50423 /* Products */ = {
			isa = PBXGroup;
			children = (
				DD5749C323EC405200C50423 /* Metrum.app */,
				DD5749DD23EC405300C50423 /* MetrumTests.xctest */,
				DD5749E823EC405400C50423 /* MetrumUITests.xctest */,
			);
			name = Products;
			sourceTree = "<group>";
		};
		DD5749C523EC405200C50423 /* Metrum */ = {
			isa = PBXGroup;
			children = (
				DD5749C623EC405200C50423 /* AppDelegate.swift */,
				DD5749CE23EC405200C50423 /* GameViewController.swift */,
				DDC4906623EC47EC000F0942 /* MainMenuScene.swift */,
				DDC4906C23EC507A000F0942 /* MainMenuScene.sks */,
				DDC4906823EC4F0B000F0942 /* LevelOneToFourScene.swift */,
				DDC4907023EC5736000F0942 /* LevelOneToFourScene.sks */,
				DDC75EF223FDE37600B551BB /* LevelFiveToSixScene.swift */,
				DDC75EF423FDE39D00B551BB /* LevelFiveToSixScene.sks */,
				DDC75EF823FE043200B551BB /* LevelSevenToTenScene.swift */,
				DDC75EFA23FE04E900B551BB /* LevelSevenToTenScene.sks */,
				DD4363F623F18629001F2A48 /* Model */,
				DD56778824087061007B6025 /* SceneElements */,
				DD969FF623FC5A8100C22624 /* OverlayWindows */,
				DD56779324093F72007B6025 /* Extensions */,
				DD5749D023EC405200C50423 /* Main.storyboard */,
				DD5749D523EC405300C50423 /* LaunchScreen.storyboard */,
				DD5749D823EC405300C50423 /* Info.plist */,
				DD11698E23F054FF00E553CE /* Assets.xcassets */,
				DD3E90CC23F03C9B00E72372 /* Sounds */,
				DD95065323FD8B2400BF1291 /* lines.json */,
				DD95065423FD8B2400BF1291 /* words.json */,
				DD29682C240ADD060021E05F /* books.json */,
			);
			path = Metrum;
			sourceTree = "<group>";
		};
		DD5749E023EC405300C50423 /* MetrumTests */ = {
			isa = PBXGroup;
			children = (
				DD5749E123EC405300C50423 /* MetrumTests.swift */,
				DD5749E323EC405300C50423 /* Info.plist */,
			);
			path = MetrumTests;
			sourceTree = "<group>";
		};
		DD5749EB23EC405400C50423 /* MetrumUITests */ = {
			isa = PBXGroup;
			children = (
				DD5749EC23EC405400C50423 /* MetrumUITests.swift */,
				DD5749EE23EC405400C50423 /* Info.plist */,
			);
			path = MetrumUITests;
			sourceTree = "<group>";
		};
		DD5749FA23EC407500C50423 /* Git */ = {
			isa = PBXGroup;
			children = (
				DD5749FB23EC408800C50423 /* .gitignore */,
			);
			path = Git;
			sourceTree = "<group>";
		};
		DD969FF623FC5A8100C22624 /* OverlayWindows */ = {
			isa = PBXGroup;
			children = (
				DDBF72AD24002AE3001587B6 /* Salutation.swift */,
				DDC4907223ED7641000F0942 /* AccentuationInfo.swift */,
				DDC75EF623FDE42000B551BB /* MeasureInfo.swift */,
				DD19AB0B23FABEC60015D899 /* Congratulations.swift */,
				DD969FF423FC52BE00C22624 /* Warning.swift */,
				DD507EC023F551AC00D790E1 /* ReplyIsCorrect.swift */,
				DD19AB0923F80D960015D899 /* ReplyIsFalse.swift */,
				DD9C91ED2401482C00C753C3 /* LevelExplanation.swift */,
			);
			path = OverlayWindows;
			sourceTree = "<group>";
		};
/* End PBXGroup section */

/* Begin PBXNativeTarget section */
		DD5749C223EC405200C50423 /* Metrum */ = {
			isa = PBXNativeTarget;
			buildConfigurationList = DD5749F123EC405400C50423 /* Build configuration list for PBXNativeTarget "Metrum" */;
			buildPhases = (
				DD5749BF23EC405200C50423 /* Sources */,
				DD5749C023EC405200C50423 /* Frameworks */,
				DD5749C123EC405200C50423 /* Resources */,
			);
			buildRules = (
			);
			dependencies = (
			);
			name = Metrum;
			productName = Metrum;
			productReference = DD5749C323EC405200C50423 /* Metrum.app */;
			productType = "com.apple.product-type.application";
		};
		DD5749DC23EC405300C50423 /* MetrumTests */ = {
			isa = PBXNativeTarget;
			buildConfigurationList = DD5749F423EC405400C50423 /* Build configuration list for PBXNativeTarget "MetrumTests" */;
			buildPhases = (
				DD5749D923EC405300C50423 /* Sources */,
				DD5749DA23EC405300C50423 /* Frameworks */,
				DD5749DB23EC405300C50423 /* Resources */,
			);
			buildRules = (
			);
			dependencies = (
				DD5749DF23EC405300C50423 /* PBXTargetDependency */,
			);
			name = MetrumTests;
			productName = MetrumTests;
			productReference = DD5749DD23EC405300C50423 /* MetrumTests.xctest */;
			productType = "com.apple.product-type.bundle.unit-test";
		};
		DD5749E723EC405400C50423 /* MetrumUITests */ = {
			isa = PBXNativeTarget;
			buildConfigurationList = DD5749F723EC405400C50423 /* Build configuration list for PBXNativeTarget "MetrumUITests" */;
			buildPhases = (
				DD5749E423EC405400C50423 /* Sources */,
				DD5749E523EC405400C50423 /* Frameworks */,
				DD5749E623EC405400C50423 /* Resources */,
			);
			buildRules = (
			);
			dependencies = (
				DD5749EA23EC405400C50423 /* PBXTargetDependency */,
			);
			name = MetrumUITests;
			productName = MetrumUITests;
			productReference = DD5749E823EC405400C50423 /* MetrumUITests.xctest */;
			productType = "com.apple.product-type.bundle.ui-testing";
		};
/* End PBXNativeTarget section */

/* Begin PBXProject section */
		DD5749BB23EC405200C50423 /* Project object */ = {
			isa = PBXProject;
			attributes = {
				LastSwiftUpdateCheck = 1010;
				LastUpgradeCheck = 1010;
				ORGANIZATIONNAME = "Jonas Jonas";
				TargetAttributes = {
					DD5749C223EC405200C50423 = {
						CreatedOnToolsVersion = 10.1;
					};
					DD5749DC23EC405300C50423 = {
						CreatedOnToolsVersion = 10.1;
						TestTargetID = DD5749C223EC405200C50423;
					};
					DD5749E723EC405400C50423 = {
						CreatedOnToolsVersion = 10.1;
						TestTargetID = DD5749C223EC405200C50423;
					};
				};
			};
			buildConfigurationList = DD5749BE23EC405200C50423 /* Build configuration list for PBXProject "Metrum" */;
			compatibilityVersion = "Xcode 9.3";
			developmentRegion = en;
			hasScannedForEncodings = 0;
			knownRegions = (
				en,
				Base,
			);
			mainGroup = DD5749BA23EC405200C50423;
			productRefGroup = DD5749C423EC405200C50423 /* Products */;
			projectDirPath = "";
			projectRoot = "";
			targets = (
				DD5749C223EC405200C50423 /* Metrum */,
				DD5749DC23EC405300C50423 /* MetrumTests */,
				DD5749E723EC405400C50423 /* MetrumUITests */,
			);
		};
/* End PBXProject section */

/* Begin PBXResourcesBuildPhase section */
		DD5749C123EC405200C50423 /* Resources */ = {
			isa = PBXResourcesBuildPhase;
			buildActionMask = 2147483647;
			files = (
				DDC75EFB23FE04E900B551BB /* LevelSevenToTenScene.sks in Resources */,
				DD29680D240A816D0021E05F /* kaputt.mp3 in Resources */,
				DD296824240AAC980021E05F /* HeuteHierMorgenDort.wav in Resources */,
				DD296803240A816D0021E05F /* Gestell.mp3 in Resources */,
				DD5749D223EC405200C50423 /* Main.storyboard in Resources */,
				DDE2FBF823FD7AA400118ADC /* Eitelkeit.mp3 in Resources */,
				DDE2FBEE23FD798B00118ADC /* genau.mp3 in Resources */,
				DDC4906D23EC507A000F0942 /* MainMenuScene.sks in Resources */,
				DD296823240AAC980021E05F /* AmHellenStrand.wav in Resources */,
				DDE2FBFA23FD7AD600118ADC /* Achterbahn.mp3 in Resources */,
				DDE2FBE823FD78C000118ADC /* Lampe.mp3 in Resources */,
				DD296806240A816D0021E05F /* Blume.mp3 in Resources */,
				DD29681B240AA4DC0021E05F /* AmHimmelHellUndKlar.wav in Resources */,
				DD95065623FD8B2500BF1291 /* words.json in Resources */,
				DDA5BD282405D6850060E766 /* Torben.mp3 in Resources */,
				DD11698F23F054FF00E553CE /* Assets.xcassets in Resources */,
				DD296819240AA4D10021E05F /* OeffneDichErdeMit.wav in Resources */,
				DD86857F24072F8A000C44CE /* Direktion.mp3 in Resources */,
				DD29680E240A816D0021E05F /* Messer.mp3 in Resources */,
				DD296817240AA42E0021E05F /* UndEsWalletUndSiedet.wav in Resources */,
				DDE2FBFC23FD7B1200118ADC /* Autobahn.mp3 in Resources */,
				DD5749D723EC405300C50423 /* LaunchScreen.storyboard in Resources */,
				DD296807240A816D0021E05F /* angespannt.mp3 in Resources */,
				DD296805240A816D0021E05F /* Finsternis.mp3 in Resources */,
				DD296825240AAC980021E05F /* AlleMeineEntchen.wav in Resources */,
				DD296808240A816D0021E05F /* Zebra.mp3 in Resources */,
				DD29681D240AA4E40021E05F /* FreudeSchoenerGoetterfunken.wav in Resources */,
				DDE2FBEA23FD78F000118ADC /* Sonne.mp3 in Resources */,
				DDC4907123EC5736000F0942 /* LevelOneToFourScene.sks in Resources */,
				DDC75EF523FDE39D00B551BB /* LevelFiveToSixScene.sks in Resources */,
				DD296809240A816D0021E05F /* Regal.mp3 in Resources */,
				DD29680B240A816D0021E05F /* Fantasie.mp3 in Resources */,
				DD29680A240A816D0021E05F /* Anker.mp3 in Resources */,
				DD95065523FD8B2500BF1291 /* lines.json in Resources */,
				DD296813240A8E360021E05F /* Emotion.mp3 in Resources */,
				DD29680C240A816D0021E05F /* Gesang.mp3 in Resources */,
				DDE2FBF023FD79C200118ADC /* Ersatz.mp3 in Resources */,
				DDE2FBE423FD780E00118ADC /* Flasche.mp3 in Resources */,
				DD296811240A8BA70021E05F /* Stundenplan.mp3 in Resources */,
				DD5749FC23EC408800C50423 /* .gitignore in Resources */,
				DDE2FBF423FD7A4700118ADC /* Sinfonie.mp3 in Resources */,
				DD296802240A816D0021E05F /* Chirurgie.mp3 in Resources */,
				DD296822240AAC980021E05F /* EhretDieFrauenSie.wav in Resources */,
				DDE2FBF223FD7A1300118ADC /* Harmonie.mp3 in Resources */,
				DDE2FBEC23FD794D00118ADC /* Verstand.mp3 in Resources */,
			);
			runOnlyForDeploymentPostprocessing = 0;
		};
		DD5749DB23EC405300C50423 /* Resources */ = {
			isa = PBXResourcesBuildPhase;
			buildActionMask = 2147483647;
			files = (
			);
			runOnlyForDeploymentPostprocessing = 0;
		};
		DD5749E623EC405400C50423 /* Resources */ = {
			isa = PBXResourcesBuildPhase;
			buildActionMask = 2147483647;
			files = (
			);
			runOnlyForDeploymentPostprocessing = 0;
		};
/* End PBXResourcesBuildPhase section */

/* Begin PBXSourcesBuildPhase section */
		DD5749BF23EC405200C50423 /* Sources */ = {
			isa = PBXSourcesBuildPhase;
			buildActionMask = 2147483647;
			files = (
				DDC75EF723FDE42000B551BB /* MeasureInfo.swift in Sources */,
				DD56779224088B83007B6025 /* SoundButton.swift in Sources */,
				DD56778E240879BD007B6025 /* CheckButton.swift in Sources */,
				DD507EC123F551AC00D790E1 /* ReplyIsCorrect.swift in Sources */,
				DD56779024088B73007B6025 /* InfoButton.swift in Sources */,
				DD5677872407EC38007B6025 /* LoadingBar.swift in Sources */,
				DDC75EF923FE043200B551BB /* LevelSevenToTenScene.swift in Sources */,
				DDC75EF323FDE37600B551BB /* LevelFiveToSixScene.swift in Sources */,
				DD296827240ADBA20021E05F /* Book.swift in Sources */,
				DD56778C24087642007B6025 /* TaskLabel.swift in Sources */,
				DD56779924094002007B6025 /* SKSpriteNodeExtension.swift in Sources */,
				DD9C91EE2401482C00C753C3 /* LevelExplanation.swift in Sources */,
				DDBF72AE24002AE3001587B6 /* Salutation.swift in Sources */,
				DD969FF523FC52BE00C22624 /* Warning.swift in Sources */,
				DD4363F823F18645001F2A48 /* Word.swift in Sources */,
				DD56779724093FC6007B6025 /* SKSceneExtension.swift in Sources */,
				DD56779B24094AA4007B6025 /* MeasureContainer.swift in Sources */,
				DDC4906923EC4F0B000F0942 /* LevelOneToFourScene.swift in Sources */,
				DD56778A240873A6007B6025 /* ExitLabel.swift in Sources */,
				DD4363FE23F186F2001F2A48 /* Measure.swift in Sources */,
				DD19AB0A23F80D960015D899 /* ReplyIsFalse.swift in Sources */,
				DD5749CF23EC405200C50423 /* GameViewController.swift in Sources */,
				DD4363FA23F18676001F2A48 /* Syllable.swift in Sources */,
				DDC4906723EC47EC000F0942 /* MainMenuScene.swift in Sources */,
				DD56779524093F86007B6025 /* SKLabelNodeExtension.swift in Sources */,
				DD5749C723EC405200C50423 /* AppDelegate.swift in Sources */,
				DD43640023F18D87001F2A48 /* Line.swift in Sources */,
				DDC4907323ED7641000F0942 /* AccentuationInfo.swift in Sources */,
				DD19AB0C23FABEC60015D899 /* Congratulations.swift in Sources */,
				DD4363FC23F18692001F2A48 /* Accentuation.swift in Sources */,
			);
			runOnlyForDeploymentPostprocessing = 0;
		};
		DD5749D923EC405300C50423 /* Sources */ = {
			isa = PBXSourcesBuildPhase;
			buildActionMask = 2147483647;
			files = (
				DD5749E223EC405300C50423 /* MetrumTests.swift in Sources */,
			);
			runOnlyForDeploymentPostprocessing = 0;
		};
		DD5749E423EC405400C50423 /* Sources */ = {
			isa = PBXSourcesBuildPhase;
			buildActionMask = 2147483647;
			files = (
				DD5749ED23EC405400C50423 /* MetrumUITests.swift in Sources */,
			);
			runOnlyForDeploymentPostprocessing = 0;
		};
/* End PBXSourcesBuildPhase section */

/* Begin PBXTargetDependency section */
		DD5749DF23EC405300C50423 /* PBXTargetDependency */ = {
			isa = PBXTargetDependency;
			target = DD5749C223EC405200C50423 /* Metrum */;
			targetProxy = DD5749DE23EC405300C50423 /* PBXContainerItemProxy */;
		};
		DD5749EA23EC405400C50423 /* PBXTargetDependency */ = {
			isa = PBXTargetDependency;
			target = DD5749C223EC405200C50423 /* Metrum */;
			targetProxy = DD5749E923EC405400C50423 /* PBXContainerItemProxy */;
		};
/* End PBXTargetDependency section */

/* Begin PBXVariantGroup section */
		DD5749D023EC405200C50423 /* Main.storyboard */ = {
			isa = PBXVariantGroup;
			children = (
				DD5749D123EC405200C50423 /* Base */,
			);
			name = Main.storyboard;
			sourceTree = "<group>";
		};
		DD5749D523EC405300C50423 /* LaunchScreen.storyboard */ = {
			isa = PBXVariantGroup;
			children = (
				DD5749D623EC405300C50423 /* Base */,
			);
			name = LaunchScreen.storyboard;
			sourceTree = "<group>";
		};
/* End PBXVariantGroup section */

/* Begin XCBuildConfiguration section */
		DD5749EF23EC405400C50423 /* Debug */ = {
			isa = XCBuildConfiguration;
			buildSettings = {
				ALWAYS_SEARCH_USER_PATHS = NO;
				CLANG_ANALYZER_NONNULL = YES;
				CLANG_ANALYZER_NUMBER_OBJECT_CONVERSION = YES_AGGRESSIVE;
				CLANG_CXX_LANGUAGE_STANDARD = "gnu++14";
				CLANG_CXX_LIBRARY = "libc++";
				CLANG_ENABLE_MODULES = YES;
				CLANG_ENABLE_OBJC_ARC = YES;
				CLANG_ENABLE_OBJC_WEAK = YES;
				CLANG_WARN_BLOCK_CAPTURE_AUTORELEASING = YES;
				CLANG_WARN_BOOL_CONVERSION = YES;
				CLANG_WARN_COMMA = YES;
				CLANG_WARN_CONSTANT_CONVERSION = YES;
				CLANG_WARN_DEPRECATED_OBJC_IMPLEMENTATIONS = YES;
				CLANG_WARN_DIRECT_OBJC_ISA_USAGE = YES_ERROR;
				CLANG_WARN_DOCUMENTATION_COMMENTS = YES;
				CLANG_WARN_EMPTY_BODY = YES;
				CLANG_WARN_ENUM_CONVERSION = YES;
				CLANG_WARN_INFINITE_RECURSION = YES;
				CLANG_WARN_INT_CONVERSION = YES;
				CLANG_WARN_NON_LITERAL_NULL_CONVERSION = YES;
				CLANG_WARN_OBJC_IMPLICIT_RETAIN_SELF = YES;
				CLANG_WARN_OBJC_LITERAL_CONVERSION = YES;
				CLANG_WARN_OBJC_ROOT_CLASS = YES_ERROR;
				CLANG_WARN_RANGE_LOOP_ANALYSIS = YES;
				CLANG_WARN_STRICT_PROTOTYPES = YES;
				CLANG_WARN_SUSPICIOUS_MOVE = YES;
				CLANG_WARN_UNGUARDED_AVAILABILITY = YES_AGGRESSIVE;
				CLANG_WARN_UNREACHABLE_CODE = YES;
				CLANG_WARN__DUPLICATE_METHOD_MATCH = YES;
				CODE_SIGN_IDENTITY = "iPhone Developer";
				COPY_PHASE_STRIP = NO;
				DEBUG_INFORMATION_FORMAT = dwarf;
				ENABLE_STRICT_OBJC_MSGSEND = YES;
				ENABLE_TESTABILITY = YES;
				GCC_C_LANGUAGE_STANDARD = gnu11;
				GCC_DYNAMIC_NO_PIC = NO;
				GCC_NO_COMMON_BLOCKS = YES;
				GCC_OPTIMIZATION_LEVEL = 0;
				GCC_PREPROCESSOR_DEFINITIONS = (
					"DEBUG=1",
					"$(inherited)",
				);
				GCC_WARN_64_TO_32_BIT_CONVERSION = YES;
				GCC_WARN_ABOUT_RETURN_TYPE = YES_ERROR;
				GCC_WARN_UNDECLARED_SELECTOR = YES;
				GCC_WARN_UNINITIALIZED_AUTOS = YES_AGGRESSIVE;
				GCC_WARN_UNUSED_FUNCTION = YES;
				GCC_WARN_UNUSED_VARIABLE = YES;
				IPHONEOS_DEPLOYMENT_TARGET = 12.1;
				MTL_ENABLE_DEBUG_INFO = INCLUDE_SOURCE;
				MTL_FAST_MATH = YES;
				ONLY_ACTIVE_ARCH = YES;
				SDKROOT = iphoneos;
				SWIFT_ACTIVE_COMPILATION_CONDITIONS = DEBUG;
				SWIFT_OPTIMIZATION_LEVEL = "-Onone";
			};
			name = Debug;
		};
		DD5749F023EC405400C50423 /* Release */ = {
			isa = XCBuildConfiguration;
			buildSettings = {
				ALWAYS_SEARCH_USER_PATHS = NO;
				CLANG_ANALYZER_NONNULL = YES;
				CLANG_ANALYZER_NUMBER_OBJECT_CONVERSION = YES_AGGRESSIVE;
				CLANG_CXX_LANGUAGE_STANDARD = "gnu++14";
				CLANG_CXX_LIBRARY = "libc++";
				CLANG_ENABLE_MODULES = YES;
				CLANG_ENABLE_OBJC_ARC = YES;
				CLANG_ENABLE_OBJC_WEAK = YES;
				CLANG_WARN_BLOCK_CAPTURE_AUTORELEASING = YES;
				CLANG_WARN_BOOL_CONVERSION = YES;
				CLANG_WARN_COMMA = YES;
				CLANG_WARN_CONSTANT_CONVERSION = YES;
				CLANG_WARN_DEPRECATED_OBJC_IMPLEMENTATIONS = YES;
				CLANG_WARN_DIRECT_OBJC_ISA_USAGE = YES_ERROR;
				CLANG_WARN_DOCUMENTATION_COMMENTS = YES;
				CLANG_WARN_EMPTY_BODY = YES;
				CLANG_WARN_ENUM_CONVERSION = YES;
				CLANG_WARN_INFINITE_RECURSION = YES;
				CLANG_WARN_INT_CONVERSION = YES;
				CLANG_WARN_NON_LITERAL_NULL_CONVERSION = YES;
				CLANG_WARN_OBJC_IMPLICIT_RETAIN_SELF = YES;
				CLANG_WARN_OBJC_LITERAL_CONVERSION = YES;
				CLANG_WARN_OBJC_ROOT_CLASS = YES_ERROR;
				CLANG_WARN_RANGE_LOOP_ANALYSIS = YES;
				CLANG_WARN_STRICT_PROTOTYPES = YES;
				CLANG_WARN_SUSPICIOUS_MOVE = YES;
				CLANG_WARN_UNGUARDED_AVAILABILITY = YES_AGGRESSIVE;
				CLANG_WARN_UNREACHABLE_CODE = YES;
				CLANG_WARN__DUPLICATE_METHOD_MATCH = YES;
				CODE_SIGN_IDENTITY = "iPhone Developer";
				COPY_PHASE_STRIP = NO;
				DEBUG_INFORMATION_FORMAT = "dwarf-with-dsym";
				ENABLE_NS_ASSERTIONS = NO;
				ENABLE_STRICT_OBJC_MSGSEND = YES;
				GCC_C_LANGUAGE_STANDARD = gnu11;
				GCC_NO_COMMON_BLOCKS = YES;
				GCC_WARN_64_TO_32_BIT_CONVERSION = YES;
				GCC_WARN_ABOUT_RETURN_TYPE = YES_ERROR;
				GCC_WARN_UNDECLARED_SELECTOR = YES;
				GCC_WARN_UNINITIALIZED_AUTOS = YES_AGGRESSIVE;
				GCC_WARN_UNUSED_FUNCTION = YES;
				GCC_WARN_UNUSED_VARIABLE = YES;
				IPHONEOS_DEPLOYMENT_TARGET = 12.1;
				MTL_ENABLE_DEBUG_INFO = NO;
				MTL_FAST_MATH = YES;
				SDKROOT = iphoneos;
				SWIFT_COMPILATION_MODE = wholemodule;
				SWIFT_OPTIMIZATION_LEVEL = "-O";
				VALIDATE_PRODUCT = YES;
			};
			name = Release;
		};
		DD5749F223EC405400C50423 /* Debug */ = {
			isa = XCBuildConfiguration;
			buildSettings = {
				ASSETCATALOG_COMPILER_APPICON_NAME = AppIcon;
				CODE_SIGN_STYLE = Automatic;
				DEVELOPMENT_TEAM = 85738K795J;
				INFOPLIST_FILE = Metrum/Info.plist;
				IPHONEOS_DEPLOYMENT_TARGET = 11.2;
				LD_RUNPATH_SEARCH_PATHS = (
					"$(inherited)",
					"@executable_path/Frameworks",
				);
				PRODUCT_BUNDLE_IDENTIFIER = "htw-berlin.Metrum";
				PRODUCT_NAME = "$(TARGET_NAME)";
				SWIFT_VERSION = 4.2;
				TARGETED_DEVICE_FAMILY = "1,2";
			};
			name = Debug;
		};
		DD5749F323EC405400C50423 /* Release */ = {
			isa = XCBuildConfiguration;
			buildSettings = {
				ASSETCATALOG_COMPILER_APPICON_NAME = AppIcon;
				CODE_SIGN_STYLE = Automatic;
				DEVELOPMENT_TEAM = 85738K795J;
				INFOPLIST_FILE = Metrum/Info.plist;
				IPHONEOS_DEPLOYMENT_TARGET = 11.2;
				LD_RUNPATH_SEARCH_PATHS = (
					"$(inherited)",
					"@executable_path/Frameworks",
				);
				PRODUCT_BUNDLE_IDENTIFIER = "htw-berlin.Metrum";
				PRODUCT_NAME = "$(TARGET_NAME)";
				SWIFT_VERSION = 4.2;
				TARGETED_DEVICE_FAMILY = "1,2";
			};
			name = Release;
		};
		DD5749F523EC405400C50423 /* Debug */ = {
			isa = XCBuildConfiguration;
			buildSettings = {
				ALWAYS_EMBED_SWIFT_STANDARD_LIBRARIES = YES;
				BUNDLE_LOADER = "$(TEST_HOST)";
				CODE_SIGN_STYLE = Automatic;
				DEVELOPMENT_TEAM = 85738K795J;
				INFOPLIST_FILE = MetrumTests/Info.plist;
				LD_RUNPATH_SEARCH_PATHS = (
					"$(inherited)",
					"@executable_path/Frameworks",
					"@loader_path/Frameworks",
				);
				PRODUCT_BUNDLE_IDENTIFIER = "htw-berlin.MetrumTests";
				PRODUCT_NAME = "$(TARGET_NAME)";
				SWIFT_VERSION = 4.2;
				TARGETED_DEVICE_FAMILY = "1,2";
				TEST_HOST = "$(BUILT_PRODUCTS_DIR)/Metrum.app/Metrum";
			};
			name = Debug;
		};
		DD5749F623EC405400C50423 /* Release */ = {
			isa = XCBuildConfiguration;
			buildSettings = {
				ALWAYS_EMBED_SWIFT_STANDARD_LIBRARIES = YES;
				BUNDLE_LOADER = "$(TEST_HOST)";
				CODE_SIGN_STYLE = Automatic;
				DEVELOPMENT_TEAM = 85738K795J;
				INFOPLIST_FILE = MetrumTests/Info.plist;
				LD_RUNPATH_SEARCH_PATHS = (
					"$(inherited)",
					"@executable_path/Frameworks",
					"@loader_path/Frameworks",
				);
				PRODUCT_BUNDLE_IDENTIFIER = "htw-berlin.MetrumTests";
				PRODUCT_NAME = "$(TARGET_NAME)";
				SWIFT_VERSION = 4.2;
				TARGETED_DEVICE_FAMILY = "1,2";
				TEST_HOST = "$(BUILT_PRODUCTS_DIR)/Metrum.app/Metrum";
			};
			name = Release;
		};
		DD5749F823EC405400C50423 /* Debug */ = {
			isa = XCBuildConfiguration;
			buildSettings = {
				ALWAYS_EMBED_SWIFT_STANDARD_LIBRARIES = YES;
				CODE_SIGN_STYLE = Automatic;
				DEVELOPMENT_TEAM = 85738K795J;
				INFOPLIST_FILE = MetrumUITests/Info.plist;
				LD_RUNPATH_SEARCH_PATHS = (
					"$(inherited)",
					"@executable_path/Frameworks",
					"@loader_path/Frameworks",
				);
				PRODUCT_BUNDLE_IDENTIFIER = "htw-berlin.MetrumUITests";
				PRODUCT_NAME = "$(TARGET_NAME)";
				SWIFT_VERSION = 4.2;
				TARGETED_DEVICE_FAMILY = "1,2";
				TEST_TARGET_NAME = Metrum;
			};
			name = Debug;
		};
		DD5749F923EC405400C50423 /* Release */ = {
			isa = XCBuildConfiguration;
			buildSettings = {
				ALWAYS_EMBED_SWIFT_STANDARD_LIBRARIES = YES;
				CODE_SIGN_STYLE = Automatic;
				DEVELOPMENT_TEAM = 85738K795J;
				INFOPLIST_FILE = MetrumUITests/Info.plist;
				LD_RUNPATH_SEARCH_PATHS = (
					"$(inherited)",
					"@executable_path/Frameworks",
					"@loader_path/Frameworks",
				);
				PRODUCT_BUNDLE_IDENTIFIER = "htw-berlin.MetrumUITests";
				PRODUCT_NAME = "$(TARGET_NAME)";
				SWIFT_VERSION = 4.2;
				TARGETED_DEVICE_FAMILY = "1,2";
				TEST_TARGET_NAME = Metrum;
			};
			name = Release;
		};
/* End XCBuildConfiguration section */

/* Begin XCConfigurationList section */
		DD5749BE23EC405200C50423 /* Build configuration list for PBXProject "Metrum" */ = {
			isa = XCConfigurationList;
			buildConfigurations = (
				DD5749EF23EC405400C50423 /* Debug */,
				DD5749F023EC405400C50423 /* Release */,
			);
			defaultConfigurationIsVisible = 0;
			defaultConfigurationName = Release;
		};
		DD5749F123EC405400C50423 /* Build configuration list for PBXNativeTarget "Metrum" */ = {
			isa = XCConfigurationList;
			buildConfigurations = (
				DD5749F223EC405400C50423 /* Debug */,
				DD5749F323EC405400C50423 /* Release */,
			);
			defaultConfigurationIsVisible = 0;
			defaultConfigurationName = Release;
		};
		DD5749F423EC405400C50423 /* Build configuration list for PBXNativeTarget "MetrumTests" */ = {
			isa = XCConfigurationList;
			buildConfigurations = (
				DD5749F523EC405400C50423 /* Debug */,
				DD5749F623EC405400C50423 /* Release */,
			);
			defaultConfigurationIsVisible = 0;
			defaultConfigurationName = Release;
		};
		DD5749F723EC405400C50423 /* Build configuration list for PBXNativeTarget "MetrumUITests" */ = {
			isa = XCConfigurationList;
			buildConfigurations = (
				DD5749F823EC405400C50423 /* Debug */,
				DD5749F923EC405400C50423 /* Release */,
			);
			defaultConfigurationIsVisible = 0;
			defaultConfigurationName = Release;
		};
/* End XCConfigurationList section */
	};
	rootObject = DD5749BB23EC405200C50423 /* Project object */;
}
